{
  "version": 4,
  "terraform_version": "1.12.2",
  "serial": 8,
  "lineage": "95b7298b-acc0-02bf-6e72-ea9364a11107",
  "outputs": {},
  "resources": [
    {
      "mode": "managed",
      "type": "aws_security_group",
      "name": "k8s_sg",
      "provider": "provider[\"registry.terraform.io/hashicorp/aws\"]",
      "instances": [
        {
          "schema_version": 1,
          "attributes": {
            "arn": "arn:aws:ec2:us-east-1:292967571462:security-group/sg-072ff27ebe2d760ed",
            "description": "Allow SSH and Kubernetes ports",
            "egress": [
              {
                "cidr_blocks": [
                  "0.0.0.0/0"
                ],
                "description": "",
                "from_port": 0,
                "ipv6_cidr_blocks": [],
                "prefix_list_ids": [],
                "protocol": "-1",
                "security_groups": [],
                "self": false,
                "to_port": 0
              }
            ],
            "id": "sg-072ff27ebe2d760ed",
            "ingress": [
              {
                "cidr_blocks": [
                  "0.0.0.0/0"
                ],
                "description": "",
                "from_port": 22,
                "ipv6_cidr_blocks": [],
                "prefix_list_ids": [],
                "protocol": "tcp",
                "security_groups": [],
                "self": false,
                "to_port": 22
              },
              {
                "cidr_blocks": [
                  "0.0.0.0/0"
                ],
                "description": "",
                "from_port": 6443,
                "ipv6_cidr_blocks": [],
                "prefix_list_ids": [],
                "protocol": "tcp",
                "security_groups": [],
                "self": false,
                "to_port": 6443
              }
            ],
            "name": "k8s-sg",
            "name_prefix": "",
            "owner_id": "292967571462",
            "region": "us-east-1",
            "revoke_rules_on_delete": false,
            "tags": {
              "Name": "k8s-security-group --- Group B",
              "Owner1": "Omar Khaled",
              "Owner2": "Salma Walid",
              "Owner3": "Mariam Mohsen"
            },
            "tags_all": {
              "Name": "k8s-security-group --- Group B",
              "Owner1": "Omar Khaled",
              "Owner2": "Salma Walid",
              "Owner3": "Mariam Mohsen"
            },
            "timeouts": null,
            "vpc_id": "vpc-0526acc61c69c06a5"
          },
          "sensitive_attributes": [],
          "identity_schema_version": 0,
          "private": "eyJlMmJmYjczMC1lY2FhLTExZTYtOGY4OC0zNDM2M2JjN2M0YzAiOnsiY3JlYXRlIjo2MDAwMDAwMDAwMDAsImRlbGV0ZSI6OTAwMDAwMDAwMDAwfSwic2NoZW1hX3ZlcnNpb24iOiIxIn0=",
          "dependencies": [
            "aws_vpc.main"
          ]
        }
      ]
    },
    {
      "mode": "managed",
      "type": "aws_subnet",
      "name": "main",
      "provider": "provider[\"registry.terraform.io/hashicorp/aws\"]",
      "instances": [
        {
          "schema_version": 1,
          "attributes": {
            "arn": "arn:aws:ec2:us-east-1:292967571462:subnet/subnet-0c0e8fe74362cdb0e",
            "assign_ipv6_address_on_creation": false,
            "availability_zone": "us-east-1a",
            "availability_zone_id": "use1-az6",
            "cidr_block": "10.0.1.0/24",
            "customer_owned_ipv4_pool": "",
            "enable_dns64": false,
            "enable_lni_at_device_index": 0,
            "enable_resource_name_dns_a_record_on_launch": false,
            "enable_resource_name_dns_aaaa_record_on_launch": false,
            "id": "subnet-0c0e8fe74362cdb0e",
            "ipv6_cidr_block": "",
            "ipv6_cidr_block_association_id": "",
            "ipv6_native": false,
            "map_customer_owned_ip_on_launch": false,
            "map_public_ip_on_launch": false,
            "outpost_arn": "",
            "owner_id": "292967571462",
            "private_dns_hostname_type_on_launch": "ip-name",
            "region": "us-east-1",
            "tags": {
              "Name": "main-subnet --- Group B",
              "Owner1": "Omar Khaled",
              "Owner2": "Salma Walid",
              "Owner3": "Mariam Mohsen"
            },
            "tags_all": {
              "Name": "main-subnet --- Group B",
              "Owner1": "Omar Khaled",
              "Owner2": "Salma Walid",
              "Owner3": "Mariam Mohsen"
            },
            "timeouts": null,
            "vpc_id": "vpc-0526acc61c69c06a5"
          },
          "sensitive_attributes": [],
          "identity_schema_version": 0,
          "private": "eyJlMmJmYjczMC1lY2FhLTExZTYtOGY4OC0zNDM2M2JjN2M0YzAiOnsiY3JlYXRlIjo2MDAwMDAwMDAwMDAsImRlbGV0ZSI6MTIwMDAwMDAwMDAwMH0sInNjaGVtYV92ZXJzaW9uIjoiMSJ9",
          "dependencies": [
            "aws_vpc.main"
          ]
        }
      ]
    },
    {
      "mode": "managed",
      "type": "aws_vpc",
      "name": "main",
      "provider": "provider[\"registry.terraform.io/hashicorp/aws\"]",
      "instances": [
        {
          "schema_version": 1,
          "attributes": {
            "arn": "arn:aws:ec2:us-east-1:292967571462:vpc/vpc-0526acc61c69c06a5",
            "assign_generated_ipv6_cidr_block": false,
            "cidr_block": "10.0.0.0/16",
            "default_network_acl_id": "acl-0adce91a9f6959af1",
            "default_route_table_id": "rtb-0167dc38a7b4c4dbe",
            "default_security_group_id": "sg-0c6895a93400b02d9",
            "dhcp_options_id": "dopt-0ea4170a9fefca9bd",
            "enable_dns_hostnames": false,
            "enable_dns_support": true,
            "enable_network_address_usage_metrics": false,
            "id": "vpc-0526acc61c69c06a5",
            "instance_tenancy": "default",
            "ipv4_ipam_pool_id": null,
            "ipv4_netmask_length": null,
            "ipv6_association_id": "",
            "ipv6_cidr_block": "",
            "ipv6_cidr_block_network_border_group": "",
            "ipv6_ipam_pool_id": "",
            "ipv6_netmask_length": 0,
            "main_route_table_id": "rtb-0167dc38a7b4c4dbe",
            "owner_id": "292967571462",
            "region": "us-east-1",
            "tags": {
              "Name": "main-vpc --- Group B",
              "Owner1": "Omar Khaled",
              "Owner2": "Salma Walid",
              "Owner3": "Mariam Mohsen"
            },
            "tags_all": {
              "Name": "main-vpc --- Group B",
              "Owner1": "Omar Khaled",
              "Owner2": "Salma Walid",
              "Owner3": "Mariam Mohsen"
            }
          },
          "sensitive_attributes": [],
          "identity_schema_version": 0,
          "private": "eyJzY2hlbWFfdmVyc2lvbiI6IjEifQ=="
        }
      ]
    }
  ],
  "check_results": null
}
